
Microsoft Visual Studio Solution File, Format Version 12.00
# Visual Studio Version 17
VisualStudioVersion = 17.6.33801.468
MinimumVisualStudioVersion = 10.0.40219.1
Project("{888888A0-9F3D-457C-B088-3A5042F75D52}") = "python_library", "python_library.pyproj", "{A57EEACF-37D0-4197-B6AD-A4B651E17DD8}"
EndProject
Global
	GlobalSection(SolutionConfigurationPlatforms) = preSolution
		Debug|Any CPU = Debug|Any CPU
		Release|Any CPU = Release|Any CPU
	EndGlobalSection
	GlobalSection(ProjectConfigurationPlatforms) = postSolution
		{A57EEACF-37D0-4197-B6AD-A4B651E17DD8}.Debug|Any CPU.ActiveCfg = Debug|Any CPU
		{A57EEACF-37D0-4197-B6AD-A4B651E17DD8}.Release|Any CPU.ActiveCfg = Release|Any CPU
	EndGlobalSection
	GlobalSection(SolutionProperties) = preSolution
		HideSolutionNode = FALSE
	EndGlobalSection
	GlobalSection(ExtensibilityGlobals) = postSolution
		SolutionGuid = {6C0A76D3-B072-40A0-9F05-948ECA3666D5}
	EndGlobalSection
EndGlobal
